
Microsoft Visual Studio Solution File, Format Version 12.00
# Visual Studio 14
VisualStudioVersion = 14.0.25123.0
MinimumVisualStudioVersion = 10.0.40219.1
Project("{FAE04EC0-301F-11D3-BF4B-00C04F79EFBC}") = "CoopCheck.Repository", "CoopCheck.Repository\CoopCheck.Repository.csproj", "{4C9A0AEF-3FF4-4822-8094-51A9AE68DB7B}"
EndProject
Project("{FAE04EC0-301F-11D3-BF4B-00C04F79EFBC}") = "Reckner.WPF", "Reckner.WPF\Reckner.WPF.csproj", "{205893F2-F604-4451-B2E0-C4BE475FA592}"
EndProject
Project("{FAE04EC0-301F-11D3-BF4B-00C04F79EFBC}") = "Reckner.WPF.Tests", "Reckner.WPF.Tests\Reckner.WPF.Tests.csproj", "{54B9C8F3-3AFA-445C-B42C-B78ACF31C669}"
EndProject
Project("{FAE04EC0-301F-11D3-BF4B-00C04F79EFBC}") = "CoopCheck.Web", "CoopCheck.Web\CoopCheck.Web.csproj", "{9F9F1506-6F1B-4F46-8AF1-BD9D95BF37FA}"
EndProject
Project("{FAE04EC0-301F-11D3-BF4B-00C04F79EFBC}") = "CoopCheck.Mocks", "CoopCheck.Mocks\CoopCheck.Mocks.csproj", "{AE2010B3-02EC-4C55-AF3A-49C98D1000F7}"
EndProject
Project("{FAE04EC0-301F-11D3-BF4B-00C04F79EFBC}") = "CoopCheck.DAL", "CoopCheck.DAL\CoopCheck.DAL.csproj", "{3537F5FC-D9F5-4FD4-9BF2-30738877DCBF}"
EndProject
Project("{FAE04EC0-301F-11D3-BF4B-00C04F79EFBC}") = "CoopCheck.DalADO", "CoopCheck.DalADO\CoopCheck.DalADO.csproj", "{60D9A8B9-BAD1-49A3-9D86-EE9FD782565E}"
EndProject
Project("{FAE04EC0-301F-11D3-BF4B-00C04F79EFBC}") = "CoopCheck.Library", "CoopCheck.Library\CoopCheck.Library\CoopCheck.Library.csproj", "{823874A2-D57C-4BB2-B71E-7076D9309589}"
EndProject
Project("{FAE04EC0-301F-11D3-BF4B-00C04F79EFBC}") = "CoopCheck.WPF", "CoopCheck.WPF\CoopCheck.WPF.csproj", "{AABD6CF8-BDB2-494C-B8AE-874581154800}"
EndProject
Project("{FAE04EC0-301F-11D3-BF4B-00C04F79EFBC}") = "CoopCheck.Library.Tests", "CoopCheck.Library.Tests\CoopCheck.Library.Tests.csproj", "{DC6A4999-C5C1-404E-AED1-24FA31C885FB}"
EndProject
Project("{FAE04EC0-301F-11D3-BF4B-00C04F79EFBC}") = "DataClean.Repository", "DataClean.Repository\DataClean.Repository.csproj", "{05984E8E-CF26-4200-A15B-F45E0EF4CE76}"
EndProject
Project("{FAE04EC0-301F-11D3-BF4B-00C04F79EFBC}") = "DataClean", "DataCleaner\DataClean.csproj", "{0E725976-76C4-4C29-AA8A-28D020C0F2BF}"
EndProject
Project("{FAE04EC0-301F-11D3-BF4B-00C04F79EFBC}") = "DataClean.Test", "DataClean.Test\DataClean.Test.csproj", "{4989340E-43F1-4AAD-A769-5669C0D97FA1}"
EndProject
Global
	GlobalSection(SolutionConfigurationPlatforms) = preSolution
		Debug|Any CPU = Debug|Any CPU
		Debug|Mixed Platforms = Debug|Mixed Platforms
		Debug|x64 = Debug|x64
		Debug|x86 = Debug|x86
		DEBUGLOCAL|Any CPU = DEBUGLOCAL|Any CPU
		DEBUGLOCAL|Mixed Platforms = DEBUGLOCAL|Mixed Platforms
		DEBUGLOCAL|x64 = DEBUGLOCAL|x64
		DEBUGLOCAL|x86 = DEBUGLOCAL|x86
		DEBUGPROD|Any CPU = DEBUGPROD|Any CPU
		DEBUGPROD|Mixed Platforms = DEBUGPROD|Mixed Platforms
		DEBUGPROD|x64 = DEBUGPROD|x64
		DEBUGPROD|x86 = DEBUGPROD|x86
		DEBUGTEST|Any CPU = DEBUGTEST|Any CPU
		DEBUGTEST|Mixed Platforms = DEBUGTEST|Mixed Platforms
		DEBUGTEST|x64 = DEBUGTEST|x64
		DEBUGTEST|x86 = DEBUGTEST|x86
		Release|Any CPU = Release|Any CPU
		Release|Mixed Platforms = Release|Mixed Platforms
		Release|x64 = Release|x64
		Release|x86 = Release|x86
	EndGlobalSection
	GlobalSection(ProjectConfigurationPlatforms) = postSolution
		{4C9A0AEF-3FF4-4822-8094-51A9AE68DB7B}.Debug|Any CPU.ActiveCfg = Debug|Any CPU
		{4C9A0AEF-3FF4-4822-8094-51A9AE68DB7B}.Debug|Any CPU.Build.0 = Debug|Any CPU
		{4C9A0AEF-3FF4-4822-8094-51A9AE68DB7B}.Debug|Mixed Platforms.ActiveCfg = Debug|Any CPU
		{4C9A0AEF-3FF4-4822-8094-51A9AE68DB7B}.Debug|Mixed Platforms.Build.0 = Debug|Any CPU
		{4C9A0AEF-3FF4-4822-8094-51A9AE68DB7B}.Debug|x64.ActiveCfg = Debug|x64
		{4C9A0AEF-3FF4-4822-8094-51A9AE68DB7B}.Debug|x64.Build.0 = Debug|x64
		{4C9A0AEF-3FF4-4822-8094-51A9AE68DB7B}.Debug|x86.ActiveCfg = Debug|Any CPU
		{4C9A0AEF-3FF4-4822-8094-51A9AE68DB7B}.DEBUGLOCAL|Any CPU.ActiveCfg = Debug|Any CPU
		{4C9A0AEF-3FF4-4822-8094-51A9AE68DB7B}.DEBUGLOCAL|Any CPU.Build.0 = Debug|Any CPU
		{4C9A0AEF-3FF4-4822-8094-51A9AE68DB7B}.DEBUGLOCAL|Mixed Platforms.ActiveCfg = Debug|Any CPU
		{4C9A0AEF-3FF4-4822-8094-51A9AE68DB7B}.DEBUGLOCAL|Mixed Platforms.Build.0 = Debug|Any CPU
		{4C9A0AEF-3FF4-4822-8094-51A9AE68DB7B}.DEBUGLOCAL|x64.ActiveCfg = Debug|x64
		{4C9A0AEF-3FF4-4822-8094-51A9AE68DB7B}.DEBUGLOCAL|x64.Build.0 = Debug|x64
		{4C9A0AEF-3FF4-4822-8094-51A9AE68DB7B}.DEBUGLOCAL|x86.ActiveCfg = Debug|Any CPU
		{4C9A0AEF-3FF4-4822-8094-51A9AE68DB7B}.DEBUGLOCAL|x86.Build.0 = Debug|Any CPU
		{4C9A0AEF-3FF4-4822-8094-51A9AE68DB7B}.DEBUGPROD|Any CPU.ActiveCfg = Debug|Any CPU
		{4C9A0AEF-3FF4-4822-8094-51A9AE68DB7B}.DEBUGPROD|Any CPU.Build.0 = Debug|Any CPU
		{4C9A0AEF-3FF4-4822-8094-51A9AE68DB7B}.DEBUGPROD|Mixed Platforms.ActiveCfg = Debug|Any CPU
		{4C9A0AEF-3FF4-4822-8094-51A9AE68DB7B}.DEBUGPROD|Mixed Platforms.Build.0 = Debug|Any CPU
		{4C9A0AEF-3FF4-4822-8094-51A9AE68DB7B}.DEBUGPROD|x64.ActiveCfg = Debug|x64
		{4C9A0AEF-3FF4-4822-8094-51A9AE68DB7B}.DEBUGPROD|x64.Build.0 = Debug|x64
		{4C9A0AEF-3FF4-4822-8094-51A9AE68DB7B}.DEBUGPROD|x86.ActiveCfg = Debug|Any CPU
		{4C9A0AEF-3FF4-4822-8094-51A9AE68DB7B}.DEBUGPROD|x86.Build.0 = Debug|Any CPU
		{4C9A0AEF-3FF4-4822-8094-51A9AE68DB7B}.DEBUGTEST|Any CPU.ActiveCfg = Debug|Any CPU
		{4C9A0AEF-3FF4-4822-8094-51A9AE68DB7B}.DEBUGTEST|Any CPU.Build.0 = Debug|Any CPU
		{4C9A0AEF-3FF4-4822-8094-51A9AE68DB7B}.DEBUGTEST|Mixed Platforms.ActiveCfg = Debug|Any CPU
		{4C9A0AEF-3FF4-4822-8094-51A9AE68DB7B}.DEBUGTEST|Mixed Platforms.Build.0 = Debug|Any CPU
		{4C9A0AEF-3FF4-4822-8094-51A9AE68DB7B}.DEBUGTEST|x64.ActiveCfg = Debug|x64
		{4C9A0AEF-3FF4-4822-8094-51A9AE68DB7B}.DEBUGTEST|x64.Build.0 = Debug|x64
		{4C9A0AEF-3FF4-4822-8094-51A9AE68DB7B}.DEBUGTEST|x86.ActiveCfg = Debug|Any CPU
		{4C9A0AEF-3FF4-4822-8094-51A9AE68DB7B}.DEBUGTEST|x86.Build.0 = Debug|Any CPU
		{4C9A0AEF-3FF4-4822-8094-51A9AE68DB7B}.Release|Any CPU.ActiveCfg = Release|Any CPU
		{4C9A0AEF-3FF4-4822-8094-51A9AE68DB7B}.Release|Any CPU.Build.0 = Release|Any CPU
		{4C9A0AEF-3FF4-4822-8094-51A9AE68DB7B}.Release|Mixed Platforms.ActiveCfg = Release|Any CPU
		{4C9A0AEF-3FF4-4822-8094-51A9AE68DB7B}.Release|Mixed Platforms.Build.0 = Release|Any CPU
		{4C9A0AEF-3FF4-4822-8094-51A9AE68DB7B}.Release|x64.ActiveCfg = Release|x64
		{4C9A0AEF-3FF4-4822-8094-51A9AE68DB7B}.Release|x64.Build.0 = Release|x64
		{4C9A0AEF-3FF4-4822-8094-51A9AE68DB7B}.Release|x86.ActiveCfg = Release|Any CPU
		{205893F2-F604-4451-B2E0-C4BE475FA592}.Debug|Any CPU.ActiveCfg = Debug|Any CPU
		{205893F2-F604-4451-B2E0-C4BE475FA592}.Debug|Any CPU.Build.0 = Debug|Any CPU
		{205893F2-F604-4451-B2E0-C4BE475FA592}.Debug|Mixed Platforms.ActiveCfg = Debug|Any CPU
		{205893F2-F604-4451-B2E0-C4BE475FA592}.Debug|Mixed Platforms.Build.0 = Debug|Any CPU
		{205893F2-F604-4451-B2E0-C4BE475FA592}.Debug|x64.ActiveCfg = Debug|x64
		{205893F2-F604-4451-B2E0-C4BE475FA592}.Debug|x64.Build.0 = Debug|x64
		{205893F2-F604-4451-B2E0-C4BE475FA592}.Debug|x86.ActiveCfg = Debug|Any CPU
		{205893F2-F604-4451-B2E0-C4BE475FA592}.Debug|x86.Build.0 = Debug|Any CPU
		{205893F2-F604-4451-B2E0-C4BE475FA592}.DEBUGLOCAL|Any CPU.ActiveCfg = Debug|Any CPU
		{205893F2-F604-4451-B2E0-C4BE475FA592}.DEBUGLOCAL|Any CPU.Build.0 = Debug|Any CPU
		{205893F2-F604-4451-B2E0-C4BE475FA592}.DEBUGLOCAL|Mixed Platforms.ActiveCfg = Debug|Any CPU
		{205893F2-F604-4451-B2E0-C4BE475FA592}.DEBUGLOCAL|Mixed Platforms.Build.0 = Debug|Any CPU
		{205893F2-F604-4451-B2E0-C4BE475FA592}.DEBUGLOCAL|x64.ActiveCfg = Debug|x64
		{205893F2-F604-4451-B2E0-C4BE475FA592}.DEBUGLOCAL|x64.Build.0 = Debug|x64
		{205893F2-F604-4451-B2E0-C4BE475FA592}.DEBUGLOCAL|x86.ActiveCfg = Debug|Any CPU
		{205893F2-F604-4451-B2E0-C4BE475FA592}.DEBUGLOCAL|x86.Build.0 = Debug|Any CPU
		{205893F2-F604-4451-B2E0-C4BE475FA592}.DEBUGPROD|Any CPU.ActiveCfg = Debug|Any CPU
		{205893F2-F604-4451-B2E0-C4BE475FA592}.DEBUGPROD|Any CPU.Build.0 = Debug|Any CPU
		{205893F2-F604-4451-B2E0-C4BE475FA592}.DEBUGPROD|Mixed Platforms.ActiveCfg = Debug|Any CPU
		{205893F2-F604-4451-B2E0-C4BE475FA592}.DEBUGPROD|Mixed Platforms.Build.0 = Debug|Any CPU
		{205893F2-F604-4451-B2E0-C4BE475FA592}.DEBUGPROD|x64.ActiveCfg = Debug|x64
		{205893F2-F604-4451-B2E0-C4BE475FA592}.DEBUGPROD|x64.Build.0 = Debug|x64
		{205893F2-F604-4451-B2E0-C4BE475FA592}.DEBUGPROD|x86.ActiveCfg = Debug|Any CPU
		{205893F2-F604-4451-B2E0-C4BE475FA592}.DEBUGPROD|x86.Build.0 = Debug|Any CPU
		{205893F2-F604-4451-B2E0-C4BE475FA592}.DEBUGTEST|Any CPU.ActiveCfg = Debug|Any CPU
		{205893F2-F604-4451-B2E0-C4BE475FA592}.DEBUGTEST|Any CPU.Build.0 = Debug|Any CPU
		{205893F2-F604-4451-B2E0-C4BE475FA592}.DEBUGTEST|Mixed Platforms.ActiveCfg = Debug|Any CPU
		{205893F2-F604-4451-B2E0-C4BE475FA592}.DEBUGTEST|Mixed Platforms.Build.0 = Debug|Any CPU
		{205893F2-F604-4451-B2E0-C4BE475FA592}.DEBUGTEST|x64.ActiveCfg = Debug|x64
		{205893F2-F604-4451-B2E0-C4BE475FA592}.DEBUGTEST|x64.Build.0 = Debug|x64
		{205893F2-F604-4451-B2E0-C4BE475FA592}.DEBUGTEST|x86.ActiveCfg = Debug|Any CPU
		{205893F2-F604-4451-B2E0-C4BE475FA592}.DEBUGTEST|x86.Build.0 = Debug|Any CPU
		{205893F2-F604-4451-B2E0-C4BE475FA592}.Release|Any CPU.ActiveCfg = Release|Any CPU
		{205893F2-F604-4451-B2E0-C4BE475FA592}.Release|Any CPU.Build.0 = Release|Any CPU
		{205893F2-F604-4451-B2E0-C4BE475FA592}.Release|Mixed Platforms.ActiveCfg = Release|Any CPU
		{205893F2-F604-4451-B2E0-C4BE475FA592}.Release|Mixed Platforms.Build.0 = Release|Any CPU
		{205893F2-F604-4451-B2E0-C4BE475FA592}.Release|x64.ActiveCfg = Release|x64
		{205893F2-F604-4451-B2E0-C4BE475FA592}.Release|x64.Build.0 = Release|x64
		{205893F2-F604-4451-B2E0-C4BE475FA592}.Release|x86.ActiveCfg = Release|Any CPU
		{205893F2-F604-4451-B2E0-C4BE475FA592}.Release|x86.Build.0 = Release|Any CPU
		{54B9C8F3-3AFA-445C-B42C-B78ACF31C669}.Debug|Any CPU.ActiveCfg = Debug|Any CPU
		{54B9C8F3-3AFA-445C-B42C-B78ACF31C669}.Debug|Any CPU.Build.0 = Debug|Any CPU
		{54B9C8F3-3AFA-445C-B42C-B78ACF31C669}.Debug|Mixed Platforms.ActiveCfg = Debug|Any CPU
		{54B9C8F3-3AFA-445C-B42C-B78ACF31C669}.Debug|Mixed Platforms.Build.0 = Debug|Any CPU
		{54B9C8F3-3AFA-445C-B42C-B78ACF31C669}.Debug|x64.ActiveCfg = Debug|x64
		{54B9C8F3-3AFA-445C-B42C-B78ACF31C669}.Debug|x64.Build.0 = Debug|x64
		{54B9C8F3-3AFA-445C-B42C-B78ACF31C669}.Debug|x86.ActiveCfg = Debug|Any CPU
		{54B9C8F3-3AFA-445C-B42C-B78ACF31C669}.Debug|x86.Build.0 = Debug|Any CPU
		{54B9C8F3-3AFA-445C-B42C-B78ACF31C669}.DEBUGLOCAL|Any CPU.ActiveCfg = Debug|Any CPU
		{54B9C8F3-3AFA-445C-B42C-B78ACF31C669}.DEBUGLOCAL|Any CPU.Build.0 = Debug|Any CPU
		{54B9C8F3-3AFA-445C-B42C-B78ACF31C669}.DEBUGLOCAL|Mixed Platforms.ActiveCfg = Debug|Any CPU
		{54B9C8F3-3AFA-445C-B42C-B78ACF31C669}.DEBUGLOCAL|Mixed Platforms.Build.0 = Debug|Any CPU
		{54B9C8F3-3AFA-445C-B42C-B78ACF31C669}.DEBUGLOCAL|x64.ActiveCfg = Debug|x64
		{54B9C8F3-3AFA-445C-B42C-B78ACF31C669}.DEBUGLOCAL|x64.Build.0 = Debug|x64
		{54B9C8F3-3AFA-445C-B42C-B78ACF31C669}.DEBUGLOCAL|x86.ActiveCfg = Debug|Any CPU
		{54B9C8F3-3AFA-445C-B42C-B78ACF31C669}.DEBUGLOCAL|x86.Build.0 = Debug|Any CPU
		{54B9C8F3-3AFA-445C-B42C-B78ACF31C669}.DEBUGPROD|Any CPU.ActiveCfg = Debug|Any CPU
		{54B9C8F3-3AFA-445C-B42C-B78ACF31C669}.DEBUGPROD|Any CPU.Build.0 = Debug|Any CPU
		{54B9C8F3-3AFA-445C-B42C-B78ACF31C669}.DEBUGPROD|Mixed Platforms.ActiveCfg = Debug|Any CPU
		{54B9C8F3-3AFA-445C-B42C-B78ACF31C669}.DEBUGPROD|Mixed Platforms.Build.0 = Debug|Any CPU
		{54B9C8F3-3AFA-445C-B42C-B78ACF31C669}.DEBUGPROD|x64.ActiveCfg = Debug|x64
		{54B9C8F3-3AFA-445C-B42C-B78ACF31C669}.DEBUGPROD|x64.Build.0 = Debug|x64
		{54B9C8F3-3AFA-445C-B42C-B78ACF31C669}.DEBUGPROD|x86.ActiveCfg = Debug|Any CPU
		{54B9C8F3-3AFA-445C-B42C-B78ACF31C669}.DEBUGPROD|x86.Build.0 = Debug|Any CPU
		{54B9C8F3-3AFA-445C-B42C-B78ACF31C669}.DEBUGTEST|Any CPU.ActiveCfg = Debug|Any CPU
		{54B9C8F3-3AFA-445C-B42C-B78ACF31C669}.DEBUGTEST|Any CPU.Build.0 = Debug|Any CPU
		{54B9C8F3-3AFA-445C-B42C-B78ACF31C669}.DEBUGTEST|Mixed Platforms.ActiveCfg = Debug|Any CPU
		{54B9C8F3-3AFA-445C-B42C-B78ACF31C669}.DEBUGTEST|Mixed Platforms.Build.0 = Debug|Any CPU
		{54B9C8F3-3AFA-445C-B42C-B78ACF31C669}.DEBUGTEST|x64.ActiveCfg = Debug|x64
		{54B9C8F3-3AFA-445C-B42C-B78ACF31C669}.DEBUGTEST|x64.Build.0 = Debug|x64
		{54B9C8F3-3AFA-445C-B42C-B78ACF31C669}.DEBUGTEST|x86.ActiveCfg = Debug|Any CPU
		{54B9C8F3-3AFA-445C-B42C-B78ACF31C669}.DEBUGTEST|x86.Build.0 = Debug|Any CPU
		{54B9C8F3-3AFA-445C-B42C-B78ACF31C669}.Release|Any CPU.ActiveCfg = Release|Any CPU
		{54B9C8F3-3AFA-445C-B42C-B78ACF31C669}.Release|Any CPU.Build.0 = Release|Any CPU
		{54B9C8F3-3AFA-445C-B42C-B78ACF31C669}.Release|Mixed Platforms.ActiveCfg = Release|Any CPU
		{54B9C8F3-3AFA-445C-B42C-B78ACF31C669}.Release|Mixed Platforms.Build.0 = Release|Any CPU
		{54B9C8F3-3AFA-445C-B42C-B78ACF31C669}.Release|x64.ActiveCfg = Release|x64
		{54B9C8F3-3AFA-445C-B42C-B78ACF31C669}.Release|x64.Build.0 = Release|x64
		{54B9C8F3-3AFA-445C-B42C-B78ACF31C669}.Release|x86.ActiveCfg = Release|Any CPU
		{54B9C8F3-3AFA-445C-B42C-B78ACF31C669}.Release|x86.Build.0 = Release|Any CPU
		{9F9F1506-6F1B-4F46-8AF1-BD9D95BF37FA}.Debug|Any CPU.ActiveCfg = Debug|Any CPU
		{9F9F1506-6F1B-4F46-8AF1-BD9D95BF37FA}.Debug|Any CPU.Build.0 = Debug|Any CPU
		{9F9F1506-6F1B-4F46-8AF1-BD9D95BF37FA}.Debug|Mixed Platforms.ActiveCfg = Debug|Any CPU
		{9F9F1506-6F1B-4F46-8AF1-BD9D95BF37FA}.Debug|Mixed Platforms.Build.0 = Debug|Any CPU
		{9F9F1506-6F1B-4F46-8AF1-BD9D95BF37FA}.Debug|x64.ActiveCfg = Debug|x64
		{9F9F1506-6F1B-4F46-8AF1-BD9D95BF37FA}.Debug|x64.Build.0 = Debug|x64
		{9F9F1506-6F1B-4F46-8AF1-BD9D95BF37FA}.Debug|x86.ActiveCfg = Debug|Any CPU
		{9F9F1506-6F1B-4F46-8AF1-BD9D95BF37FA}.Debug|x86.Build.0 = Debug|Any CPU
		{9F9F1506-6F1B-4F46-8AF1-BD9D95BF37FA}.DEBUGLOCAL|Any CPU.ActiveCfg = Debug|Any CPU
		{9F9F1506-6F1B-4F46-8AF1-BD9D95BF37FA}.DEBUGLOCAL|Any CPU.Build.0 = Debug|Any CPU
		{9F9F1506-6F1B-4F46-8AF1-BD9D95BF37FA}.DEBUGLOCAL|Mixed Platforms.ActiveCfg = Debug|Any CPU
		{9F9F1506-6F1B-4F46-8AF1-BD9D95BF37FA}.DEBUGLOCAL|Mixed Platforms.Build.0 = Debug|Any CPU
		{9F9F1506-6F1B-4F46-8AF1-BD9D95BF37FA}.DEBUGLOCAL|x64.ActiveCfg = Debug|x64
		{9F9F1506-6F1B-4F46-8AF1-BD9D95BF37FA}.DEBUGLOCAL|x64.Build.0 = Debug|x64
		{9F9F1506-6F1B-4F46-8AF1-BD9D95BF37FA}.DEBUGLOCAL|x86.ActiveCfg = Debug|Any CPU
		{9F9F1506-6F1B-4F46-8AF1-BD9D95BF37FA}.DEBUGLOCAL|x86.Build.0 = Debug|Any CPU
		{9F9F1506-6F1B-4F46-8AF1-BD9D95BF37FA}.DEBUGPROD|Any CPU.ActiveCfg = Debug|Any CPU
		{9F9F1506-6F1B-4F46-8AF1-BD9D95BF37FA}.DEBUGPROD|Any CPU.Build.0 = Debug|Any CPU
		{9F9F1506-6F1B-4F46-8AF1-BD9D95BF37FA}.DEBUGPROD|Mixed Platforms.ActiveCfg = Debug|Any CPU
		{9F9F1506-6F1B-4F46-8AF1-BD9D95BF37FA}.DEBUGPROD|Mixed Platforms.Build.0 = Debug|Any CPU
		{9F9F1506-6F1B-4F46-8AF1-BD9D95BF37FA}.DEBUGPROD|x64.ActiveCfg = Debug|x64
		{9F9F1506-6F1B-4F46-8AF1-BD9D95BF37FA}.DEBUGPROD|x64.Build.0 = Debug|x64
		{9F9F1506-6F1B-4F46-8AF1-BD9D95BF37FA}.DEBUGPROD|x86.ActiveCfg = Debug|Any CPU
		{9F9F1506-6F1B-4F46-8AF1-BD9D95BF37FA}.DEBUGPROD|x86.Build.0 = Debug|Any CPU
		{9F9F1506-6F1B-4F46-8AF1-BD9D95BF37FA}.DEBUGTEST|Any CPU.ActiveCfg = Debug|Any CPU
		{9F9F1506-6F1B-4F46-8AF1-BD9D95BF37FA}.DEBUGTEST|Any CPU.Build.0 = Debug|Any CPU
		{9F9F1506-6F1B-4F46-8AF1-BD9D95BF37FA}.DEBUGTEST|Mixed Platforms.ActiveCfg = Debug|Any CPU
		{9F9F1506-6F1B-4F46-8AF1-BD9D95BF37FA}.DEBUGTEST|Mixed Platforms.Build.0 = Debug|Any CPU
		{9F9F1506-6F1B-4F46-8AF1-BD9D95BF37FA}.DEBUGTEST|x64.ActiveCfg = Debug|x64
		{9F9F1506-6F1B-4F46-8AF1-BD9D95BF37FA}.DEBUGTEST|x64.Build.0 = Debug|x64
		{9F9F1506-6F1B-4F46-8AF1-BD9D95BF37FA}.DEBUGTEST|x86.ActiveCfg = Debug|Any CPU
		{9F9F1506-6F1B-4F46-8AF1-BD9D95BF37FA}.DEBUGTEST|x86.Build.0 = Debug|Any CPU
		{9F9F1506-6F1B-4F46-8AF1-BD9D95BF37FA}.Release|Any CPU.ActiveCfg = Release|Any CPU
		{9F9F1506-6F1B-4F46-8AF1-BD9D95BF37FA}.Release|Any CPU.Build.0 = Release|Any CPU
		{9F9F1506-6F1B-4F46-8AF1-BD9D95BF37FA}.Release|Mixed Platforms.ActiveCfg = Release|Any CPU
		{9F9F1506-6F1B-4F46-8AF1-BD9D95BF37FA}.Release|Mixed Platforms.Build.0 = Release|Any CPU
		{9F9F1506-6F1B-4F46-8AF1-BD9D95BF37FA}.Release|x64.ActiveCfg = Release|x64
		{9F9F1506-6F1B-4F46-8AF1-BD9D95BF37FA}.Release|x64.Build.0 = Release|x64
		{9F9F1506-6F1B-4F46-8AF1-BD9D95BF37FA}.Release|x86.ActiveCfg = Release|Any CPU
		{9F9F1506-6F1B-4F46-8AF1-BD9D95BF37FA}.Release|x86.Build.0 = Release|Any CPU
		{AE2010B3-02EC-4C55-AF3A-49C98D1000F7}.Debug|Any CPU.ActiveCfg = Debug|Any CPU
		{AE2010B3-02EC-4C55-AF3A-49C98D1000F7}.Debug|Any CPU.Build.0 = Debug|Any CPU
		{AE2010B3-02EC-4C55-AF3A-49C98D1000F7}.Debug|Mixed Platforms.ActiveCfg = Debug|Any CPU
		{AE2010B3-02EC-4C55-AF3A-49C98D1000F7}.Debug|Mixed Platforms.Build.0 = Debug|Any CPU
		{AE2010B3-02EC-4C55-AF3A-49C98D1000F7}.Debug|x64.ActiveCfg = Debug|x64
		{AE2010B3-02EC-4C55-AF3A-49C98D1000F7}.Debug|x64.Build.0 = Debug|x64
		{AE2010B3-02EC-4C55-AF3A-49C98D1000F7}.Debug|x86.ActiveCfg = Debug|Any CPU
		{AE2010B3-02EC-4C55-AF3A-49C98D1000F7}.Debug|x86.Build.0 = Debug|Any CPU
		{AE2010B3-02EC-4C55-AF3A-49C98D1000F7}.DEBUGLOCAL|Any CPU.ActiveCfg = Debug|Any CPU
		{AE2010B3-02EC-4C55-AF3A-49C98D1000F7}.DEBUGLOCAL|Any CPU.Build.0 = Debug|Any CPU
		{AE2010B3-02EC-4C55-AF3A-49C98D1000F7}.DEBUGLOCAL|Mixed Platforms.ActiveCfg = Debug|Any CPU
		{AE2010B3-02EC-4C55-AF3A-49C98D1000F7}.DEBUGLOCAL|Mixed Platforms.Build.0 = Debug|Any CPU
		{AE2010B3-02EC-4C55-AF3A-49C98D1000F7}.DEBUGLOCAL|x64.ActiveCfg = Debug|x64
		{AE2010B3-02EC-4C55-AF3A-49C98D1000F7}.DEBUGLOCAL|x64.Build.0 = Debug|x64
		{AE2010B3-02EC-4C55-AF3A-49C98D1000F7}.DEBUGLOCAL|x86.ActiveCfg = Debug|Any CPU
		{AE2010B3-02EC-4C55-AF3A-49C98D1000F7}.DEBUGLOCAL|x86.Build.0 = Debug|Any CPU
		{AE2010B3-02EC-4C55-AF3A-49C98D1000F7}.DEBUGPROD|Any CPU.ActiveCfg = Debug|Any CPU
		{AE2010B3-02EC-4C55-AF3A-49C98D1000F7}.DEBUGPROD|Any CPU.Build.0 = Debug|Any CPU
		{AE2010B3-02EC-4C55-AF3A-49C98D1000F7}.DEBUGPROD|Mixed Platforms.ActiveCfg = Debug|Any CPU
		{AE2010B3-02EC-4C55-AF3A-49C98D1000F7}.DEBUGPROD|Mixed Platforms.Build.0 = Debug|Any CPU
		{AE2010B3-02EC-4C55-AF3A-49C98D1000F7}.DEBUGPROD|x64.ActiveCfg = Debug|x64
		{AE2010B3-02EC-4C55-AF3A-49C98D1000F7}.DEBUGPROD|x64.Build.0 = Debug|x64
		{AE2010B3-02EC-4C55-AF3A-49C98D1000F7}.DEBUGPROD|x86.ActiveCfg = Debug|Any CPU
		{AE2010B3-02EC-4C55-AF3A-49C98D1000F7}.DEBUGPROD|x86.Build.0 = Debug|Any CPU
		{AE2010B3-02EC-4C55-AF3A-49C98D1000F7}.DEBUGTEST|Any CPU.ActiveCfg = Debug|Any CPU
		{AE2010B3-02EC-4C55-AF3A-49C98D1000F7}.DEBUGTEST|Any CPU.Build.0 = Debug|Any CPU
		{AE2010B3-02EC-4C55-AF3A-49C98D1000F7}.DEBUGTEST|Mixed Platforms.ActiveCfg = Debug|Any CPU
		{AE2010B3-02EC-4C55-AF3A-49C98D1000F7}.DEBUGTEST|Mixed Platforms.Build.0 = Debug|Any CPU
		{AE2010B3-02EC-4C55-AF3A-49C98D1000F7}.DEBUGTEST|x64.ActiveCfg = Debug|x64
		{AE2010B3-02EC-4C55-AF3A-49C98D1000F7}.DEBUGTEST|x64.Build.0 = Debug|x64
		{AE2010B3-02EC-4C55-AF3A-49C98D1000F7}.DEBUGTEST|x86.ActiveCfg = Debug|Any CPU
		{AE2010B3-02EC-4C55-AF3A-49C98D1000F7}.DEBUGTEST|x86.Build.0 = Debug|Any CPU
		{AE2010B3-02EC-4C55-AF3A-49C98D1000F7}.Release|Any CPU.ActiveCfg = Release|Any CPU
		{AE2010B3-02EC-4C55-AF3A-49C98D1000F7}.Release|Any CPU.Build.0 = Release|Any CPU
		{AE2010B3-02EC-4C55-AF3A-49C98D1000F7}.Release|Mixed Platforms.ActiveCfg = Release|Any CPU
		{AE2010B3-02EC-4C55-AF3A-49C98D1000F7}.Release|Mixed Platforms.Build.0 = Release|Any CPU
		{AE2010B3-02EC-4C55-AF3A-49C98D1000F7}.Release|x64.ActiveCfg = Release|x64
		{AE2010B3-02EC-4C55-AF3A-49C98D1000F7}.Release|x64.Build.0 = Release|x64
		{AE2010B3-02EC-4C55-AF3A-49C98D1000F7}.Release|x86.ActiveCfg = Release|Any CPU
		{AE2010B3-02EC-4C55-AF3A-49C98D1000F7}.Release|x86.Build.0 = Release|Any CPU
		{3537F5FC-D9F5-4FD4-9BF2-30738877DCBF}.Debug|Any CPU.ActiveCfg = Debug|Any CPU
		{3537F5FC-D9F5-4FD4-9BF2-30738877DCBF}.Debug|Any CPU.Build.0 = Debug|Any CPU
		{3537F5FC-D9F5-4FD4-9BF2-30738877DCBF}.Debug|Mixed Platforms.ActiveCfg = Debug|Any CPU
		{3537F5FC-D9F5-4FD4-9BF2-30738877DCBF}.Debug|Mixed Platforms.Build.0 = Debug|Any CPU
		{3537F5FC-D9F5-4FD4-9BF2-30738877DCBF}.Debug|x64.ActiveCfg = Debug|x64
		{3537F5FC-D9F5-4FD4-9BF2-30738877DCBF}.Debug|x64.Build.0 = Debug|x64
		{3537F5FC-D9F5-4FD4-9BF2-30738877DCBF}.Debug|x86.ActiveCfg = Debug|Any CPU
		{3537F5FC-D9F5-4FD4-9BF2-30738877DCBF}.Debug|x86.Build.0 = Debug|Any CPU
		{3537F5FC-D9F5-4FD4-9BF2-30738877DCBF}.DEBUGLOCAL|Any CPU.ActiveCfg = Debug|Any CPU
		{3537F5FC-D9F5-4FD4-9BF2-30738877DCBF}.DEBUGLOCAL|Any CPU.Build.0 = Debug|Any CPU
		{3537F5FC-D9F5-4FD4-9BF2-30738877DCBF}.DEBUGLOCAL|Mixed Platforms.ActiveCfg = Debug|Any CPU
		{3537F5FC-D9F5-4FD4-9BF2-30738877DCBF}.DEBUGLOCAL|Mixed Platforms.Build.0 = Debug|Any CPU
		{3537F5FC-D9F5-4FD4-9BF2-30738877DCBF}.DEBUGLOCAL|x64.ActiveCfg = Debug|x64
		{3537F5FC-D9F5-4FD4-9BF2-30738877DCBF}.DEBUGLOCAL|x64.Build.0 = Debug|x64
		{3537F5FC-D9F5-4FD4-9BF2-30738877DCBF}.DEBUGLOCAL|x86.ActiveCfg = Debug|Any CPU
		{3537F5FC-D9F5-4FD4-9BF2-30738877DCBF}.DEBUGLOCAL|x86.Build.0 = Debug|Any CPU
		{3537F5FC-D9F5-4FD4-9BF2-30738877DCBF}.DEBUGPROD|Any CPU.ActiveCfg = Debug|Any CPU
		{3537F5FC-D9F5-4FD4-9BF2-30738877DCBF}.DEBUGPROD|Any CPU.Build.0 = Debug|Any CPU
		{3537F5FC-D9F5-4FD4-9BF2-30738877DCBF}.DEBUGPROD|Mixed Platforms.ActiveCfg = Debug|Any CPU
		{3537F5FC-D9F5-4FD4-9BF2-30738877DCBF}.DEBUGPROD|Mixed Platforms.Build.0 = Debug|Any CPU
		{3537F5FC-D9F5-4FD4-9BF2-30738877DCBF}.DEBUGPROD|x64.ActiveCfg = Debug|x64
		{3537F5FC-D9F5-4FD4-9BF2-30738877DCBF}.DEBUGPROD|x64.Build.0 = Debug|x64
		{3537F5FC-D9F5-4FD4-9BF2-30738877DCBF}.DEBUGPROD|x86.ActiveCfg = Debug|Any CPU
		{3537F5FC-D9F5-4FD4-9BF2-30738877DCBF}.DEBUGPROD|x86.Build.0 = Debug|Any CPU
		{3537F5FC-D9F5-4FD4-9BF2-30738877DCBF}.DEBUGTEST|Any CPU.ActiveCfg = Debug|Any CPU
		{3537F5FC-D9F5-4FD4-9BF2-30738877DCBF}.DEBUGTEST|Any CPU.Build.0 = Debug|Any CPU
		{3537F5FC-D9F5-4FD4-9BF2-30738877DCBF}.DEBUGTEST|Mixed Platforms.ActiveCfg = Debug|Any CPU
		{3537F5FC-D9F5-4FD4-9BF2-30738877DCBF}.DEBUGTEST|Mixed Platforms.Build.0 = Debug|Any CPU
		{3537F5FC-D9F5-4FD4-9BF2-30738877DCBF}.DEBUGTEST|x64.ActiveCfg = Debug|x64
		{3537F5FC-D9F5-4FD4-9BF2-30738877DCBF}.DEBUGTEST|x64.Build.0 = Debug|x64
		{3537F5FC-D9F5-4FD4-9BF2-30738877DCBF}.DEBUGTEST|x86.ActiveCfg = Debug|Any CPU
		{3537F5FC-D9F5-4FD4-9BF2-30738877DCBF}.DEBUGTEST|x86.Build.0 = Debug|Any CPU
		{3537F5FC-D9F5-4FD4-9BF2-30738877DCBF}.Release|Any CPU.ActiveCfg = Release|Any CPU
		{3537F5FC-D9F5-4FD4-9BF2-30738877DCBF}.Release|Any CPU.Build.0 = Release|Any CPU
		{3537F5FC-D9F5-4FD4-9BF2-30738877DCBF}.Release|Mixed Platforms.ActiveCfg = Release|Any CPU
		{3537F5FC-D9F5-4FD4-9BF2-30738877DCBF}.Release|Mixed Platforms.Build.0 = Release|Any CPU
		{3537F5FC-D9F5-4FD4-9BF2-30738877DCBF}.Release|x64.ActiveCfg = Release|x64
		{3537F5FC-D9F5-4FD4-9BF2-30738877DCBF}.Release|x64.Build.0 = Release|x64
		{3537F5FC-D9F5-4FD4-9BF2-30738877DCBF}.Release|x86.ActiveCfg = Release|Any CPU
		{3537F5FC-D9F5-4FD4-9BF2-30738877DCBF}.Release|x86.Build.0 = Release|Any CPU
		{60D9A8B9-BAD1-49A3-9D86-EE9FD782565E}.Debug|Any CPU.ActiveCfg = Debug|Any CPU
		{60D9A8B9-BAD1-49A3-9D86-EE9FD782565E}.Debug|Any CPU.Build.0 = Debug|Any CPU
		{60D9A8B9-BAD1-49A3-9D86-EE9FD782565E}.Debug|Mixed Platforms.ActiveCfg = Debug|Any CPU
		{60D9A8B9-BAD1-49A3-9D86-EE9FD782565E}.Debug|Mixed Platforms.Build.0 = Debug|Any CPU
		{60D9A8B9-BAD1-49A3-9D86-EE9FD782565E}.Debug|x64.ActiveCfg = Debug|x64
		{60D9A8B9-BAD1-49A3-9D86-EE9FD782565E}.Debug|x64.Build.0 = Debug|x64
		{60D9A8B9-BAD1-49A3-9D86-EE9FD782565E}.Debug|x86.ActiveCfg = Debug|Any CPU
		{60D9A8B9-BAD1-49A3-9D86-EE9FD782565E}.Debug|x86.Build.0 = Debug|Any CPU
		{60D9A8B9-BAD1-49A3-9D86-EE9FD782565E}.DEBUGLOCAL|Any CPU.ActiveCfg = Debug|Any CPU
		{60D9A8B9-BAD1-49A3-9D86-EE9FD782565E}.DEBUGLOCAL|Any CPU.Build.0 = Debug|Any CPU
		{60D9A8B9-BAD1-49A3-9D86-EE9FD782565E}.DEBUGLOCAL|Mixed Platforms.ActiveCfg = Debug|Any CPU
		{60D9A8B9-BAD1-49A3-9D86-EE9FD782565E}.DEBUGLOCAL|Mixed Platforms.Build.0 = Debug|Any CPU
		{60D9A8B9-BAD1-49A3-9D86-EE9FD782565E}.DEBUGLOCAL|x64.ActiveCfg = Debug|x64
		{60D9A8B9-BAD1-49A3-9D86-EE9FD782565E}.DEBUGLOCAL|x64.Build.0 = Debug|x64
		{60D9A8B9-BAD1-49A3-9D86-EE9FD782565E}.DEBUGLOCAL|x86.ActiveCfg = Debug|Any CPU
		{60D9A8B9-BAD1-49A3-9D86-EE9FD782565E}.DEBUGLOCAL|x86.Build.0 = Debug|Any CPU
		{60D9A8B9-BAD1-49A3-9D86-EE9FD782565E}.DEBUGPROD|Any CPU.ActiveCfg = Debug|Any CPU
		{60D9A8B9-BAD1-49A3-9D86-EE9FD782565E}.DEBUGPROD|Any CPU.Build.0 = Debug|Any CPU
		{60D9A8B9-BAD1-49A3-9D86-EE9FD782565E}.DEBUGPROD|Mixed Platforms.ActiveCfg = Debug|Any CPU
		{60D9A8B9-BAD1-49A3-9D86-EE9FD782565E}.DEBUGPROD|Mixed Platforms.Build.0 = Debug|Any CPU
		{60D9A8B9-BAD1-49A3-9D86-EE9FD782565E}.DEBUGPROD|x64.ActiveCfg = Debug|x64
		{60D9A8B9-BAD1-49A3-9D86-EE9FD782565E}.DEBUGPROD|x64.Build.0 = Debug|x64
		{60D9A8B9-BAD1-49A3-9D86-EE9FD782565E}.DEBUGPROD|x86.ActiveCfg = Debug|Any CPU
		{60D9A8B9-BAD1-49A3-9D86-EE9FD782565E}.DEBUGPROD|x86.Build.0 = Debug|Any CPU
		{60D9A8B9-BAD1-49A3-9D86-EE9FD782565E}.DEBUGTEST|Any CPU.ActiveCfg = Debug|Any CPU
		{60D9A8B9-BAD1-49A3-9D86-EE9FD782565E}.DEBUGTEST|Any CPU.Build.0 = Debug|Any CPU
		{60D9A8B9-BAD1-49A3-9D86-EE9FD782565E}.DEBUGTEST|Mixed Platforms.ActiveCfg = Debug|Any CPU
		{60D9A8B9-BAD1-49A3-9D86-EE9FD782565E}.DEBUGTEST|Mixed Platforms.Build.0 = Debug|Any CPU
		{60D9A8B9-BAD1-49A3-9D86-EE9FD782565E}.DEBUGTEST|x64.ActiveCfg = Debug|x64
		{60D9A8B9-BAD1-49A3-9D86-EE9FD782565E}.DEBUGTEST|x64.Build.0 = Debug|x64
		{60D9A8B9-BAD1-49A3-9D86-EE9FD782565E}.DEBUGTEST|x86.ActiveCfg = Debug|Any CPU
		{60D9A8B9-BAD1-49A3-9D86-EE9FD782565E}.DEBUGTEST|x86.Build.0 = Debug|Any CPU
		{60D9A8B9-BAD1-49A3-9D86-EE9FD782565E}.Release|Any CPU.ActiveCfg = Release|Any CPU
		{60D9A8B9-BAD1-49A3-9D86-EE9FD782565E}.Release|Any CPU.Build.0 = Release|Any CPU
		{60D9A8B9-BAD1-49A3-9D86-EE9FD782565E}.Release|Mixed Platforms.ActiveCfg = Release|Any CPU
		{60D9A8B9-BAD1-49A3-9D86-EE9FD782565E}.Release|Mixed Platforms.Build.0 = Release|Any CPU
		{60D9A8B9-BAD1-49A3-9D86-EE9FD782565E}.Release|x64.ActiveCfg = Release|x64
		{60D9A8B9-BAD1-49A3-9D86-EE9FD782565E}.Release|x64.Build.0 = Release|x64
		{60D9A8B9-BAD1-49A3-9D86-EE9FD782565E}.Release|x86.ActiveCfg = Release|Any CPU
		{60D9A8B9-BAD1-49A3-9D86-EE9FD782565E}.Release|x86.Build.0 = Release|Any CPU
		{823874A2-D57C-4BB2-B71E-7076D9309589}.Debug|Any CPU.ActiveCfg = Debug|Any CPU
		{823874A2-D57C-4BB2-B71E-7076D9309589}.Debug|Any CPU.Build.0 = Debug|Any CPU
		{823874A2-D57C-4BB2-B71E-7076D9309589}.Debug|Mixed Platforms.ActiveCfg = Debug|Any CPU
		{823874A2-D57C-4BB2-B71E-7076D9309589}.Debug|Mixed Platforms.Build.0 = Debug|Any CPU
		{823874A2-D57C-4BB2-B71E-7076D9309589}.Debug|x64.ActiveCfg = Debug|x64
		{823874A2-D57C-4BB2-B71E-7076D9309589}.Debug|x64.Build.0 = Debug|x64
		{823874A2-D57C-4BB2-B71E-7076D9309589}.Debug|x86.ActiveCfg = Debug|Any CPU
		{823874A2-D57C-4BB2-B71E-7076D9309589}.Debug|x86.Build.0 = Debug|Any CPU
		{823874A2-D57C-4BB2-B71E-7076D9309589}.DEBUGLOCAL|Any CPU.ActiveCfg = Debug|Any CPU
		{823874A2-D57C-4BB2-B71E-7076D9309589}.DEBUGLOCAL|Any CPU.Build.0 = Debug|Any CPU
		{823874A2-D57C-4BB2-B71E-7076D9309589}.DEBUGLOCAL|Mixed Platforms.ActiveCfg = Debug|Any CPU
		{823874A2-D57C-4BB2-B71E-7076D9309589}.DEBUGLOCAL|Mixed Platforms.Build.0 = Debug|Any CPU
		{823874A2-D57C-4BB2-B71E-7076D9309589}.DEBUGLOCAL|x64.ActiveCfg = Debug|x64
		{823874A2-D57C-4BB2-B71E-7076D9309589}.DEBUGLOCAL|x64.Build.0 = Debug|x64
		{823874A2-D57C-4BB2-B71E-7076D9309589}.DEBUGLOCAL|x86.ActiveCfg = Debug|Any CPU
		{823874A2-D57C-4BB2-B71E-7076D9309589}.DEBUGLOCAL|x86.Build.0 = Debug|Any CPU
		{823874A2-D57C-4BB2-B71E-7076D9309589}.DEBUGPROD|Any CPU.ActiveCfg = Debug|Any CPU
		{823874A2-D57C-4BB2-B71E-7076D9309589}.DEBUGPROD|Any CPU.Build.0 = Debug|Any CPU
		{823874A2-D57C-4BB2-B71E-7076D9309589}.DEBUGPROD|Mixed Platforms.ActiveCfg = Debug|Any CPU
		{823874A2-D57C-4BB2-B71E-7076D9309589}.DEBUGPROD|Mixed Platforms.Build.0 = Debug|Any CPU
		{823874A2-D57C-4BB2-B71E-7076D9309589}.DEBUGPROD|x64.ActiveCfg = Debug|x64
		{823874A2-D57C-4BB2-B71E-7076D9309589}.DEBUGPROD|x64.Build.0 = Debug|x64
		{823874A2-D57C-4BB2-B71E-7076D9309589}.DEBUGPROD|x86.ActiveCfg = Debug|Any CPU
		{823874A2-D57C-4BB2-B71E-7076D9309589}.DEBUGPROD|x86.Build.0 = Debug|Any CPU
		{823874A2-D57C-4BB2-B71E-7076D9309589}.DEBUGTEST|Any CPU.ActiveCfg = Debug|Any CPU
		{823874A2-D57C-4BB2-B71E-7076D9309589}.DEBUGTEST|Any CPU.Build.0 = Debug|Any CPU
		{823874A2-D57C-4BB2-B71E-7076D9309589}.DEBUGTEST|Mixed Platforms.ActiveCfg = Debug|Any CPU
		{823874A2-D57C-4BB2-B71E-7076D9309589}.DEBUGTEST|Mixed Platforms.Build.0 = Debug|Any CPU
		{823874A2-D57C-4BB2-B71E-7076D9309589}.DEBUGTEST|x64.ActiveCfg = Debug|x64
		{823874A2-D57C-4BB2-B71E-7076D9309589}.DEBUGTEST|x64.Build.0 = Debug|x64
		{823874A2-D57C-4BB2-B71E-7076D9309589}.DEBUGTEST|x86.ActiveCfg = Debug|Any CPU
		{823874A2-D57C-4BB2-B71E-7076D9309589}.DEBUGTEST|x86.Build.0 = Debug|Any CPU
		{823874A2-D57C-4BB2-B71E-7076D9309589}.Release|Any CPU.ActiveCfg = Release|Any CPU
		{823874A2-D57C-4BB2-B71E-7076D9309589}.Release|Any CPU.Build.0 = Release|Any CPU
		{823874A2-D57C-4BB2-B71E-7076D9309589}.Release|Mixed Platforms.ActiveCfg = Release|Any CPU
		{823874A2-D57C-4BB2-B71E-7076D9309589}.Release|Mixed Platforms.Build.0 = Release|Any CPU
		{823874A2-D57C-4BB2-B71E-7076D9309589}.Release|x64.ActiveCfg = Release|x64
		{823874A2-D57C-4BB2-B71E-7076D9309589}.Release|x64.Build.0 = Release|x64
		{823874A2-D57C-4BB2-B71E-7076D9309589}.Release|x86.ActiveCfg = Release|Any CPU
		{823874A2-D57C-4BB2-B71E-7076D9309589}.Release|x86.Build.0 = Release|Any CPU
		{AABD6CF8-BDB2-494C-B8AE-874581154800}.Debug|Any CPU.ActiveCfg = Debug|Any CPU
		{AABD6CF8-BDB2-494C-B8AE-874581154800}.Debug|Any CPU.Build.0 = Debug|Any CPU
		{AABD6CF8-BDB2-494C-B8AE-874581154800}.Debug|Mixed Platforms.ActiveCfg = Debug|Any CPU
		{AABD6CF8-BDB2-494C-B8AE-874581154800}.Debug|Mixed Platforms.Build.0 = Debug|Any CPU
		{AABD6CF8-BDB2-494C-B8AE-874581154800}.Debug|x64.ActiveCfg = Debug|x64
		{AABD6CF8-BDB2-494C-B8AE-874581154800}.Debug|x64.Build.0 = Debug|x64
		{AABD6CF8-BDB2-494C-B8AE-874581154800}.Debug|x86.ActiveCfg = Debug|Any CPU
		{AABD6CF8-BDB2-494C-B8AE-874581154800}.Debug|x86.Build.0 = Debug|Any CPU
		{AABD6CF8-BDB2-494C-B8AE-874581154800}.DEBUGLOCAL|Any CPU.ActiveCfg = DEBUGLOCAL|Any CPU
		{AABD6CF8-BDB2-494C-B8AE-874581154800}.DEBUGLOCAL|Any CPU.Build.0 = DEBUGLOCAL|Any CPU
		{AABD6CF8-BDB2-494C-B8AE-874581154800}.DEBUGLOCAL|Mixed Platforms.ActiveCfg = DEBUGLOCAL|Any CPU
		{AABD6CF8-BDB2-494C-B8AE-874581154800}.DEBUGLOCAL|Mixed Platforms.Build.0 = DEBUGLOCAL|Any CPU
		{AABD6CF8-BDB2-494C-B8AE-874581154800}.DEBUGLOCAL|x64.ActiveCfg = DEBUGLOCAL|x64
		{AABD6CF8-BDB2-494C-B8AE-874581154800}.DEBUGLOCAL|x64.Build.0 = DEBUGLOCAL|x64
		{AABD6CF8-BDB2-494C-B8AE-874581154800}.DEBUGLOCAL|x86.ActiveCfg = DEBUGLOCAL|Any CPU
		{AABD6CF8-BDB2-494C-B8AE-874581154800}.DEBUGLOCAL|x86.Build.0 = DEBUGLOCAL|Any CPU
		{AABD6CF8-BDB2-494C-B8AE-874581154800}.DEBUGPROD|Any CPU.ActiveCfg = DEBUGPROD|Any CPU
		{AABD6CF8-BDB2-494C-B8AE-874581154800}.DEBUGPROD|Any CPU.Build.0 = DEBUGPROD|Any CPU
		{AABD6CF8-BDB2-494C-B8AE-874581154800}.DEBUGPROD|Mixed Platforms.ActiveCfg = DEBUGPROD|Any CPU
		{AABD6CF8-BDB2-494C-B8AE-874581154800}.DEBUGPROD|Mixed Platforms.Build.0 = DEBUGPROD|Any CPU
		{AABD6CF8-BDB2-494C-B8AE-874581154800}.DEBUGPROD|x64.ActiveCfg = DEBUGPROD|x64
		{AABD6CF8-BDB2-494C-B8AE-874581154800}.DEBUGPROD|x64.Build.0 = DEBUGPROD|x64
		{AABD6CF8-BDB2-494C-B8AE-874581154800}.DEBUGPROD|x86.ActiveCfg = DEBUGPROD|Any CPU
		{AABD6CF8-BDB2-494C-B8AE-874581154800}.DEBUGPROD|x86.Build.0 = DEBUGPROD|Any CPU
		{AABD6CF8-BDB2-494C-B8AE-874581154800}.DEBUGTEST|Any CPU.ActiveCfg = DEBUGTEST|Any CPU
		{AABD6CF8-BDB2-494C-B8AE-874581154800}.DEBUGTEST|Any CPU.Build.0 = DEBUGTEST|Any CPU
		{AABD6CF8-BDB2-494C-B8AE-874581154800}.DEBUGTEST|Mixed Platforms.ActiveCfg = DEBUGTEST|Any CPU
		{AABD6CF8-BDB2-494C-B8AE-874581154800}.DEBUGTEST|Mixed Platforms.Build.0 = DEBUGTEST|Any CPU
		{AABD6CF8-BDB2-494C-B8AE-874581154800}.DEBUGTEST|x64.ActiveCfg = DEBUGTEST|x64
		{AABD6CF8-BDB2-494C-B8AE-874581154800}.DEBUGTEST|x64.Build.0 = DEBUGTEST|x64
		{AABD6CF8-BDB2-494C-B8AE-874581154800}.DEBUGTEST|x86.ActiveCfg = DEBUGTEST|Any CPU
		{AABD6CF8-BDB2-494C-B8AE-874581154800}.DEBUGTEST|x86.Build.0 = DEBUGTEST|Any CPU
		{AABD6CF8-BDB2-494C-B8AE-874581154800}.Release|Any CPU.ActiveCfg = Release|Any CPU
		{AABD6CF8-BDB2-494C-B8AE-874581154800}.Release|Any CPU.Build.0 = Release|Any CPU
		{AABD6CF8-BDB2-494C-B8AE-874581154800}.Release|Mixed Platforms.ActiveCfg = Release|Any CPU
		{AABD6CF8-BDB2-494C-B8AE-874581154800}.Release|Mixed Platforms.Build.0 = Release|Any CPU
		{AABD6CF8-BDB2-494C-B8AE-874581154800}.Release|x64.ActiveCfg = Release|x64
		{AABD6CF8-BDB2-494C-B8AE-874581154800}.Release|x64.Build.0 = Release|x64
		{AABD6CF8-BDB2-494C-B8AE-874581154800}.Release|x86.ActiveCfg = Release|Any CPU
		{AABD6CF8-BDB2-494C-B8AE-874581154800}.Release|x86.Build.0 = Release|Any CPU
		{DC6A4999-C5C1-404E-AED1-24FA31C885FB}.Debug|Any CPU.ActiveCfg = Debug|Any CPU
		{DC6A4999-C5C1-404E-AED1-24FA31C885FB}.Debug|Any CPU.Build.0 = Debug|Any CPU
		{DC6A4999-C5C1-404E-AED1-24FA31C885FB}.Debug|Mixed Platforms.ActiveCfg = Debug|Any CPU
		{DC6A4999-C5C1-404E-AED1-24FA31C885FB}.Debug|Mixed Platforms.Build.0 = Debug|Any CPU
		{DC6A4999-C5C1-404E-AED1-24FA31C885FB}.Debug|x64.ActiveCfg = Debug|x64
		{DC6A4999-C5C1-404E-AED1-24FA31C885FB}.Debug|x64.Build.0 = Debug|x64
		{DC6A4999-C5C1-404E-AED1-24FA31C885FB}.Debug|x86.ActiveCfg = Debug|Any CPU
		{DC6A4999-C5C1-404E-AED1-24FA31C885FB}.Debug|x86.Build.0 = Debug|Any CPU
		{DC6A4999-C5C1-404E-AED1-24FA31C885FB}.DEBUGLOCAL|Any CPU.ActiveCfg = Debug|Any CPU
		{DC6A4999-C5C1-404E-AED1-24FA31C885FB}.DEBUGLOCAL|Any CPU.Build.0 = Debug|Any CPU
		{DC6A4999-C5C1-404E-AED1-24FA31C885FB}.DEBUGLOCAL|Mixed Platforms.ActiveCfg = Debug|Any CPU
		{DC6A4999-C5C1-404E-AED1-24FA31C885FB}.DEBUGLOCAL|Mixed Platforms.Build.0 = Debug|Any CPU
		{DC6A4999-C5C1-404E-AED1-24FA31C885FB}.DEBUGLOCAL|x64.ActiveCfg = Debug|x64
		{DC6A4999-C5C1-404E-AED1-24FA31C885FB}.DEBUGLOCAL|x64.Build.0 = Debug|x64
		{DC6A4999-C5C1-404E-AED1-24FA31C885FB}.DEBUGLOCAL|x86.ActiveCfg = Debug|Any CPU
		{DC6A4999-C5C1-404E-AED1-24FA31C885FB}.DEBUGLOCAL|x86.Build.0 = Debug|Any CPU
		{DC6A4999-C5C1-404E-AED1-24FA31C885FB}.DEBUGPROD|Any CPU.ActiveCfg = Debug|Any CPU
		{DC6A4999-C5C1-404E-AED1-24FA31C885FB}.DEBUGPROD|Any CPU.Build.0 = Debug|Any CPU
		{DC6A4999-C5C1-404E-AED1-24FA31C885FB}.DEBUGPROD|Mixed Platforms.ActiveCfg = Debug|Any CPU
		{DC6A4999-C5C1-404E-AED1-24FA31C885FB}.DEBUGPROD|Mixed Platforms.Build.0 = Debug|Any CPU
		{DC6A4999-C5C1-404E-AED1-24FA31C885FB}.DEBUGPROD|x64.ActiveCfg = Debug|x64
		{DC6A4999-C5C1-404E-AED1-24FA31C885FB}.DEBUGPROD|x64.Build.0 = Debug|x64
		{DC6A4999-C5C1-404E-AED1-24FA31C885FB}.DEBUGPROD|x86.ActiveCfg = Debug|Any CPU
		{DC6A4999-C5C1-404E-AED1-24FA31C885FB}.DEBUGPROD|x86.Build.0 = Debug|Any CPU
		{DC6A4999-C5C1-404E-AED1-24FA31C885FB}.DEBUGTEST|Any CPU.ActiveCfg = Debug|Any CPU
		{DC6A4999-C5C1-404E-AED1-24FA31C885FB}.DEBUGTEST|Any CPU.Build.0 = Debug|Any CPU
		{DC6A4999-C5C1-404E-AED1-24FA31C885FB}.DEBUGTEST|Mixed Platforms.ActiveCfg = Debug|Any CPU
		{DC6A4999-C5C1-404E-AED1-24FA31C885FB}.DEBUGTEST|Mixed Platforms.Build.0 = Debug|Any CPU
		{DC6A4999-C5C1-404E-AED1-24FA31C885FB}.DEBUGTEST|x64.ActiveCfg = Debug|x64
		{DC6A4999-C5C1-404E-AED1-24FA31C885FB}.DEBUGTEST|x64.Build.0 = Debug|x64
		{DC6A4999-C5C1-404E-AED1-24FA31C885FB}.DEBUGTEST|x86.ActiveCfg = Debug|Any CPU
		{DC6A4999-C5C1-404E-AED1-24FA31C885FB}.DEBUGTEST|x86.Build.0 = Debug|Any CPU
		{DC6A4999-C5C1-404E-AED1-24FA31C885FB}.Release|Any CPU.ActiveCfg = Release|Any CPU
		{DC6A4999-C5C1-404E-AED1-24FA31C885FB}.Release|Any CPU.Build.0 = Release|Any CPU
		{DC6A4999-C5C1-404E-AED1-24FA31C885FB}.Release|Mixed Platforms.ActiveCfg = Release|Any CPU
		{DC6A4999-C5C1-404E-AED1-24FA31C885FB}.Release|Mixed Platforms.Build.0 = Release|Any CPU
		{DC6A4999-C5C1-404E-AED1-24FA31C885FB}.Release|x64.ActiveCfg = Release|x64
		{DC6A4999-C5C1-404E-AED1-24FA31C885FB}.Release|x64.Build.0 = Release|x64
		{DC6A4999-C5C1-404E-AED1-24FA31C885FB}.Release|x86.ActiveCfg = Release|Any CPU
		{DC6A4999-C5C1-404E-AED1-24FA31C885FB}.Release|x86.Build.0 = Release|Any CPU
		{05984E8E-CF26-4200-A15B-F45E0EF4CE76}.Debug|Any CPU.ActiveCfg = Debug|Any CPU
		{05984E8E-CF26-4200-A15B-F45E0EF4CE76}.Debug|Any CPU.Build.0 = Debug|Any CPU
		{05984E8E-CF26-4200-A15B-F45E0EF4CE76}.Debug|Mixed Platforms.ActiveCfg = Debug|Any CPU
		{05984E8E-CF26-4200-A15B-F45E0EF4CE76}.Debug|Mixed Platforms.Build.0 = Debug|Any CPU
		{05984E8E-CF26-4200-A15B-F45E0EF4CE76}.Debug|x64.ActiveCfg = Debug|x64
		{05984E8E-CF26-4200-A15B-F45E0EF4CE76}.Debug|x64.Build.0 = Debug|x64
		{05984E8E-CF26-4200-A15B-F45E0EF4CE76}.Debug|x86.ActiveCfg = Debug|Any CPU
		{05984E8E-CF26-4200-A15B-F45E0EF4CE76}.Debug|x86.Build.0 = Debug|Any CPU
		{05984E8E-CF26-4200-A15B-F45E0EF4CE76}.DEBUGLOCAL|Any CPU.ActiveCfg = Debug|Any CPU
		{05984E8E-CF26-4200-A15B-F45E0EF4CE76}.DEBUGLOCAL|Any CPU.Build.0 = Debug|Any CPU
		{05984E8E-CF26-4200-A15B-F45E0EF4CE76}.DEBUGLOCAL|Mixed Platforms.ActiveCfg = Debug|Any CPU
		{05984E8E-CF26-4200-A15B-F45E0EF4CE76}.DEBUGLOCAL|Mixed Platforms.Build.0 = Debug|Any CPU
		{05984E8E-CF26-4200-A15B-F45E0EF4CE76}.DEBUGLOCAL|x64.ActiveCfg = Debug|x64
		{05984E8E-CF26-4200-A15B-F45E0EF4CE76}.DEBUGLOCAL|x64.Build.0 = Debug|x64
		{05984E8E-CF26-4200-A15B-F45E0EF4CE76}.DEBUGLOCAL|x86.ActiveCfg = Debug|Any CPU
		{05984E8E-CF26-4200-A15B-F45E0EF4CE76}.DEBUGLOCAL|x86.Build.0 = Debug|Any CPU
		{05984E8E-CF26-4200-A15B-F45E0EF4CE76}.DEBUGPROD|Any CPU.ActiveCfg = Debug|Any CPU
		{05984E8E-CF26-4200-A15B-F45E0EF4CE76}.DEBUGPROD|Any CPU.Build.0 = Debug|Any CPU
		{05984E8E-CF26-4200-A15B-F45E0EF4CE76}.DEBUGPROD|Mixed Platforms.ActiveCfg = Debug|Any CPU
		{05984E8E-CF26-4200-A15B-F45E0EF4CE76}.DEBUGPROD|Mixed Platforms.Build.0 = Debug|Any CPU
		{05984E8E-CF26-4200-A15B-F45E0EF4CE76}.DEBUGPROD|x64.ActiveCfg = Debug|x64
		{05984E8E-CF26-4200-A15B-F45E0EF4CE76}.DEBUGPROD|x64.Build.0 = Debug|x64
		{05984E8E-CF26-4200-A15B-F45E0EF4CE76}.DEBUGPROD|x86.ActiveCfg = Debug|Any CPU
		{05984E8E-CF26-4200-A15B-F45E0EF4CE76}.DEBUGPROD|x86.Build.0 = Debug|Any CPU
		{05984E8E-CF26-4200-A15B-F45E0EF4CE76}.DEBUGTEST|Any CPU.ActiveCfg = Debug|Any CPU
		{05984E8E-CF26-4200-A15B-F45E0EF4CE76}.DEBUGTEST|Any CPU.Build.0 = Debug|Any CPU
		{05984E8E-CF26-4200-A15B-F45E0EF4CE76}.DEBUGTEST|Mixed Platforms.ActiveCfg = Debug|Any CPU
		{05984E8E-CF26-4200-A15B-F45E0EF4CE76}.DEBUGTEST|Mixed Platforms.Build.0 = Debug|Any CPU
		{05984E8E-CF26-4200-A15B-F45E0EF4CE76}.DEBUGTEST|x64.ActiveCfg = Debug|x64
		{05984E8E-CF26-4200-A15B-F45E0EF4CE76}.DEBUGTEST|x64.Build.0 = Debug|x64
		{05984E8E-CF26-4200-A15B-F45E0EF4CE76}.DEBUGTEST|x86.ActiveCfg = Debug|Any CPU
		{05984E8E-CF26-4200-A15B-F45E0EF4CE76}.DEBUGTEST|x86.Build.0 = Debug|Any CPU
		{05984E8E-CF26-4200-A15B-F45E0EF4CE76}.Release|Any CPU.ActiveCfg = Release|Any CPU
		{05984E8E-CF26-4200-A15B-F45E0EF4CE76}.Release|Any CPU.Build.0 = Release|Any CPU
		{05984E8E-CF26-4200-A15B-F45E0EF4CE76}.Release|Mixed Platforms.ActiveCfg = Release|Any CPU
		{05984E8E-CF26-4200-A15B-F45E0EF4CE76}.Release|Mixed Platforms.Build.0 = Release|Any CPU
		{05984E8E-CF26-4200-A15B-F45E0EF4CE76}.Release|x64.ActiveCfg = Release|x64
		{05984E8E-CF26-4200-A15B-F45E0EF4CE76}.Release|x64.Build.0 = Release|x64
		{05984E8E-CF26-4200-A15B-F45E0EF4CE76}.Release|x86.ActiveCfg = Release|Any CPU
		{05984E8E-CF26-4200-A15B-F45E0EF4CE76}.Release|x86.Build.0 = Release|Any CPU
		{0E725976-76C4-4C29-AA8A-28D020C0F2BF}.Debug|Any CPU.ActiveCfg = Debug|Any CPU
		{0E725976-76C4-4C29-AA8A-28D020C0F2BF}.Debug|Any CPU.Build.0 = Debug|Any CPU
		{0E725976-76C4-4C29-AA8A-28D020C0F2BF}.Debug|Mixed Platforms.ActiveCfg = Debug|Any CPU
		{0E725976-76C4-4C29-AA8A-28D020C0F2BF}.Debug|Mixed Platforms.Build.0 = Debug|Any CPU
		{0E725976-76C4-4C29-AA8A-28D020C0F2BF}.Debug|x64.ActiveCfg = Debug|x64
		{0E725976-76C4-4C29-AA8A-28D020C0F2BF}.Debug|x64.Build.0 = Debug|x64
		{0E725976-76C4-4C29-AA8A-28D020C0F2BF}.Debug|x86.ActiveCfg = Debug|Any CPU
		{0E725976-76C4-4C29-AA8A-28D020C0F2BF}.Debug|x86.Build.0 = Debug|Any CPU
		{0E725976-76C4-4C29-AA8A-28D020C0F2BF}.DEBUGLOCAL|Any CPU.ActiveCfg = Debug|Any CPU
		{0E725976-76C4-4C29-AA8A-28D020C0F2BF}.DEBUGLOCAL|Any CPU.Build.0 = Debug|Any CPU
		{0E725976-76C4-4C29-AA8A-28D020C0F2BF}.DEBUGLOCAL|Mixed Platforms.ActiveCfg = Debug|Any CPU
		{0E725976-76C4-4C29-AA8A-28D020C0F2BF}.DEBUGLOCAL|Mixed Platforms.Build.0 = Debug|Any CPU
		{0E725976-76C4-4C29-AA8A-28D020C0F2BF}.DEBUGLOCAL|x64.ActiveCfg = Debug|x64
		{0E725976-76C4-4C29-AA8A-28D020C0F2BF}.DEBUGLOCAL|x64.Build.0 = Debug|x64
		{0E725976-76C4-4C29-AA8A-28D020C0F2BF}.DEBUGLOCAL|x86.ActiveCfg = Debug|Any CPU
		{0E725976-76C4-4C29-AA8A-28D020C0F2BF}.DEBUGLOCAL|x86.Build.0 = Debug|Any CPU
		{0E725976-76C4-4C29-AA8A-28D020C0F2BF}.DEBUGPROD|Any CPU.ActiveCfg = Debug|Any CPU
		{0E725976-76C4-4C29-AA8A-28D020C0F2BF}.DEBUGPROD|Any CPU.Build.0 = Debug|Any CPU
		{0E725976-76C4-4C29-AA8A-28D020C0F2BF}.DEBUGPROD|Mixed Platforms.ActiveCfg = Debug|Any CPU
		{0E725976-76C4-4C29-AA8A-28D020C0F2BF}.DEBUGPROD|Mixed Platforms.Build.0 = Debug|Any CPU
		{0E725976-76C4-4C29-AA8A-28D020C0F2BF}.DEBUGPROD|x64.ActiveCfg = Debug|x64
		{0E725976-76C4-4C29-AA8A-28D020C0F2BF}.DEBUGPROD|x64.Build.0 = Debug|x64
		{0E725976-76C4-4C29-AA8A-28D020C0F2BF}.DEBUGPROD|x86.ActiveCfg = Debug|Any CPU
		{0E725976-76C4-4C29-AA8A-28D020C0F2BF}.DEBUGPROD|x86.Build.0 = Debug|Any CPU
		{0E725976-76C4-4C29-AA8A-28D020C0F2BF}.DEBUGTEST|Any CPU.ActiveCfg = Debug|Any CPU
		{0E725976-76C4-4C29-AA8A-28D020C0F2BF}.DEBUGTEST|Any CPU.Build.0 = Debug|Any CPU
		{0E725976-76C4-4C29-AA8A-28D020C0F2BF}.DEBUGTEST|Mixed Platforms.ActiveCfg = Debug|Any CPU
		{0E725976-76C4-4C29-AA8A-28D020C0F2BF}.DEBUGTEST|Mixed Platforms.Build.0 = Debug|Any CPU
		{0E725976-76C4-4C29-AA8A-28D020C0F2BF}.DEBUGTEST|x64.ActiveCfg = Debug|x64
		{0E725976-76C4-4C29-AA8A-28D020C0F2BF}.DEBUGTEST|x64.Build.0 = Debug|x64
		{0E725976-76C4-4C29-AA8A-28D020C0F2BF}.DEBUGTEST|x86.ActiveCfg = Debug|Any CPU
		{0E725976-76C4-4C29-AA8A-28D020C0F2BF}.DEBUGTEST|x86.Build.0 = Debug|Any CPU
		{0E725976-76C4-4C29-AA8A-28D020C0F2BF}.Release|Any CPU.ActiveCfg = Release|Any CPU
		{0E725976-76C4-4C29-AA8A-28D020C0F2BF}.Release|Any CPU.Build.0 = Release|Any CPU
		{0E725976-76C4-4C29-AA8A-28D020C0F2BF}.Release|Mixed Platforms.ActiveCfg = Release|Any CPU
		{0E725976-76C4-4C29-AA8A-28D020C0F2BF}.Release|Mixed Platforms.Build.0 = Release|Any CPU
		{0E725976-76C4-4C29-AA8A-28D020C0F2BF}.Release|x64.ActiveCfg = Release|x64
		{0E725976-76C4-4C29-AA8A-28D020C0F2BF}.Release|x64.Build.0 = Release|x64
		{0E725976-76C4-4C29-AA8A-28D020C0F2BF}.Release|x86.ActiveCfg = Release|Any CPU
		{0E725976-76C4-4C29-AA8A-28D020C0F2BF}.Release|x86.Build.0 = Release|Any CPU
		{4989340E-43F1-4AAD-A769-5669C0D97FA1}.Debug|Any CPU.ActiveCfg = Debug|Any CPU
		{4989340E-43F1-4AAD-A769-5669C0D97FA1}.Debug|Any CPU.Build.0 = Debug|Any CPU
		{4989340E-43F1-4AAD-A769-5669C0D97FA1}.Debug|Mixed Platforms.ActiveCfg = Debug|Any CPU
		{4989340E-43F1-4AAD-A769-5669C0D97FA1}.Debug|Mixed Platforms.Build.0 = Debug|Any CPU
		{4989340E-43F1-4AAD-A769-5669C0D97FA1}.Debug|x64.ActiveCfg = Debug|x64
		{4989340E-43F1-4AAD-A769-5669C0D97FA1}.Debug|x64.Build.0 = Debug|x64
		{4989340E-43F1-4AAD-A769-5669C0D97FA1}.Debug|x86.ActiveCfg = Debug|Any CPU
		{4989340E-43F1-4AAD-A769-5669C0D97FA1}.Debug|x86.Build.0 = Debug|Any CPU
		{4989340E-43F1-4AAD-A769-5669C0D97FA1}.DEBUGLOCAL|Any CPU.ActiveCfg = Debug|Any CPU
		{4989340E-43F1-4AAD-A769-5669C0D97FA1}.DEBUGLOCAL|Any CPU.Build.0 = Debug|Any CPU
		{4989340E-43F1-4AAD-A769-5669C0D97FA1}.DEBUGLOCAL|Mixed Platforms.ActiveCfg = Debug|Any CPU
		{4989340E-43F1-4AAD-A769-5669C0D97FA1}.DEBUGLOCAL|Mixed Platforms.Build.0 = Debug|Any CPU
		{4989340E-43F1-4AAD-A769-5669C0D97FA1}.DEBUGLOCAL|x64.ActiveCfg = Debug|x64
		{4989340E-43F1-4AAD-A769-5669C0D97FA1}.DEBUGLOCAL|x64.Build.0 = Debug|x64
		{4989340E-43F1-4AAD-A769-5669C0D97FA1}.DEBUGLOCAL|x86.ActiveCfg = Debug|Any CPU
		{4989340E-43F1-4AAD-A769-5669C0D97FA1}.DEBUGLOCAL|x86.Build.0 = Debug|Any CPU
		{4989340E-43F1-4AAD-A769-5669C0D97FA1}.DEBUGPROD|Any CPU.ActiveCfg = Debug|Any CPU
		{4989340E-43F1-4AAD-A769-5669C0D97FA1}.DEBUGPROD|Any CPU.Build.0 = Debug|Any CPU
		{4989340E-43F1-4AAD-A769-5669C0D97FA1}.DEBUGPROD|Mixed Platforms.ActiveCfg = Debug|Any CPU
		{4989340E-43F1-4AAD-A769-5669C0D97FA1}.DEBUGPROD|Mixed Platforms.Build.0 = Debug|Any CPU
		{4989340E-43F1-4AAD-A769-5669C0D97FA1}.DEBUGPROD|x64.ActiveCfg = Debug|x64
		{4989340E-43F1-4AAD-A769-5669C0D97FA1}.DEBUGPROD|x64.Build.0 = Debug|x64
		{4989340E-43F1-4AAD-A769-5669C0D97FA1}.DEBUGPROD|x86.ActiveCfg = Debug|Any CPU
		{4989340E-43F1-4AAD-A769-5669C0D97FA1}.DEBUGPROD|x86.Build.0 = Debug|Any CPU
		{4989340E-43F1-4AAD-A769-5669C0D97FA1}.DEBUGTEST|Any CPU.ActiveCfg = Debug|Any CPU
		{4989340E-43F1-4AAD-A769-5669C0D97FA1}.DEBUGTEST|Any CPU.Build.0 = Debug|Any CPU
		{4989340E-43F1-4AAD-A769-5669C0D97FA1}.DEBUGTEST|Mixed Platforms.ActiveCfg = Debug|Any CPU
		{4989340E-43F1-4AAD-A769-5669C0D97FA1}.DEBUGTEST|Mixed Platforms.Build.0 = Debug|Any CPU
		{4989340E-43F1-4AAD-A769-5669C0D97FA1}.DEBUGTEST|x64.ActiveCfg = Debug|x64
		{4989340E-43F1-4AAD-A769-5669C0D97FA1}.DEBUGTEST|x64.Build.0 = Debug|x64
		{4989340E-43F1-4AAD-A769-5669C0D97FA1}.DEBUGTEST|x86.ActiveCfg = Debug|Any CPU
		{4989340E-43F1-4AAD-A769-5669C0D97FA1}.DEBUGTEST|x86.Build.0 = Debug|Any CPU
		{4989340E-43F1-4AAD-A769-5669C0D97FA1}.Release|Any CPU.ActiveCfg = Release|Any CPU
		{4989340E-43F1-4AAD-A769-5669C0D97FA1}.Release|Any CPU.Build.0 = Release|Any CPU
		{4989340E-43F1-4AAD-A769-5669C0D97FA1}.Release|Mixed Platforms.ActiveCfg = Release|Any CPU
		{4989340E-43F1-4AAD-A769-5669C0D97FA1}.Release|Mixed Platforms.Build.0 = Release|Any CPU
		{4989340E-43F1-4AAD-A769-5669C0D97FA1}.Release|x64.ActiveCfg = Release|x64
		{4989340E-43F1-4AAD-A769-5669C0D97FA1}.Release|x64.Build.0 = Release|x64
		{4989340E-43F1-4AAD-A769-5669C0D97FA1}.Release|x86.ActiveCfg = Release|Any CPU
		{4989340E-43F1-4AAD-A769-5669C0D97FA1}.Release|x86.Build.0 = Release|Any CPU
	EndGlobalSection
	GlobalSection(SolutionProperties) = preSolution
		HideSolutionNode = FALSE
	EndGlobalSection
EndGlobal
